{
  "name": ".opencode",
  "lockfileVersion": 3,
  "requires": true,
  "packages": {
    "": {
      "dependencies": {
        "@opencode-ai/plugin": "1.2.25",
        "@opencode-ai/sdk": "^1.2.25",
        "opencode-ai": "^1.14.18"
      }
    },
    "node_modules/@opencode-ai/plugin": {
      "version": "1.2.25",
      "license": "MIT",
      "dependencies": {
        "@opencode-ai/sdk": "1.2.25",
        "zod": "4.1.8"
      }
    },
    "node_modules/@opencode-ai/sdk": {
      "version": "1.2.25",
      "resolved": "https://registry.npmjs.org/@opencode-ai/sdk/-/sdk-1.2.25.tgz",
      "integrity": "sha512-ikuGWob48OM7LTgfXFqGOZKVOqh50FEjvtIBhXGhGowJhifmjZ+xuq/ypP8nPjTwUX73pbu1C3X9ZBWVkCN9mA==",
      "license": "MIT"
    },
    "node_modules/opencode-ai": {
      "version": "1.14.18",
      "resolved": "https://registry.npmjs.org/opencode-ai/-/opencode-ai-1.14.18.tgz",
      "integrity": "sha512-aIzwfZATWVhnmTmaTubqv7P2vOgr4zQmtVuXf+avu4ssyYyuKii6iOHnKoXn5n0KgECXfB2/eNAKKfu32c0isw==",
      "hasInstallScript": true,
      "license": "MIT",
      "bin": {
        "opencode": "bin/opencode"
      },
      "optionalDependencies": {
        "opencode-darwin-arm64": "1.14.18",
        "opencode-darwin-x64": "1.14.18",
        "opencode-darwin-x64-baseline": "1.14.18",
        "opencode-linux-arm64": "1.14.18",
        "opencode-linux-arm64-musl": "1.14.18",
        "opencode-linux-x64": "1.14.18",
        "opencode-linux-x64-baseline": "1.14.18",
        "opencode-linux-x64-baseline-musl": "1.14.18",
        "opencode-linux-x64-musl": "1.14.18",
        "opencode-windows-arm64": "1.14.18",
        "opencode-windows-x64": "1.14.18",
        "opencode-windows-x64-baseline": "1.14.18"
      }
    },
    "node_modules/opencode-darwin-arm64": {
      "version": "1.14.18",
      "resolved": "https://registry.npmjs.org/opencode-darwin-arm64/-/opencode-darwin-arm64-1.14.18.tgz",
      "integrity": "sha512-q8TYu/0+DqBrUiI0LzrXIef4j0b0YQ7ZI7AGQSPKpNZxXIF0cyxm4Bk56Hbvle/mYq/wuIU3ELxqBLDJ4/tL7A==",
      "cpu": [
        "arm64"
      ],
      "optional": true,
      "os": [
        "darwin"
      ]
    },
    "node_modules/opencode-darwin-x64": {
      "version": "1.14.18",
      "resolved": "https://registry.npmjs.org/opencode-darwin-x64/-/opencode-darwin-x64-1.14.18.tgz",
      "integrity": "sha512-HSyXIOo3cHa9mUnL1esr6cq6VOh6vHQ3XKbLmlHeAGyMYK1gEOQxT5QKtWbBebz4FfbcFLYGPOjk6jWL4nkimg==",
      "cpu": [
        "x64"
      ],
      "optional": true,
      "os": [
        "darwin"
      ]
    },
    "node_modules/opencode-darwin-x64-baseline": {
      "version": "1.14.18",
      "resolved": "https://registry.npmjs.org/opencode-darwin-x64-baseline/-/opencode-darwin-x64-baseline-1.14.18.tgz",
      "integrity": "sha512-v7bNZEwXqOlIhQfz5y102/FeIqs4kpzHGBFRG99YOXZSwDyvn6nP0b1I3f09iarTUXOKo8tjfhRRc7ZDwP79FQ==",
      "cpu": [
        "x64"
      ],
      "optional": true,
      "os": [
        "darwin"
      ]
    },
    "node_modules/opencode-linux-arm64": {
      "version": "1.14.18",
      "resolved": "https://registry.npmjs.org/opencode-linux-arm64/-/opencode-linux-arm64-1.14.18.tgz",
      "integrity": "sha512-AO5iljF4M6pDX/+b2sDjHn4f4D80C6f5WD9maOGPSQ+ru0Nuq1iGv/JJIOpEh0nf9CDDwRdY4Hi8CfOFJ+/BFA==",
      "cpu": [
        "arm64"
      ],
      "optional": true,
      "os": [
        "linux"
      ]
    },
    "node_modules/opencode-linux-arm64-musl": {
      "version": "1.14.18",
      "resolved": "https://registry.npmjs.org/opencode-linux-arm64-musl/-/opencode-linux-arm64-musl-1.14.18.tgz",
      "integrity": "sha512-QFx2sNr4epFXIHAnBeNfPbSxXuTy76qP1Pxu8QR4T1AjbDJo6mg4vB1zNFjlqtLSA9Gzfnrx2+blQVYKBUHg0g==",
      "cpu": [
        "arm64"
      ],
      "optional": true,
      "os": [
        "linux"
      ]
    },
    "node_modules/opencode-linux-x64": {
      "version": "1.14.18",
      "resolved": "https://registry.npmjs.org/opencode-linux-x64/-/opencode-linux-x64-1.14.18.tgz",
      "integrity": "sha512-SeAoXa8O7fZozQoPGN90DvmOks9nrQGYQ8o30Egj6dK4eCJm6Z5o0XXSGKx6+15y7DovTzmcPcBe+12vjtU8ug==",
      "cpu": [
        "x64"
      ],
      "optional": true,
      "os": [
        "linux"
      ]
    },
    "node_modules/opencode-linux-x64-baseline": {
      "version": "1.14.18",
      "resolved": "https://registry.npmjs.org/opencode-linux-x64-baseline/-/opencode-linux-x64-baseline-1.14.18.tgz",
      "integrity": "sha512-JRy5BGc8UKkJRqVAATo0VJjry8ar5Cao/DQr8XVL73204qp0/zwY31FGEmEDipswvf/9iab3Q0JikwTMxiGuxg==",
      "cpu": [
        "x64"
      ],
      "optional": true,
      "os": [
        "linux"
      ]
    },
    "node_modules/opencode-linux-x64-baseline-musl": {
      "version": "1.14.18",
      "resolved": "https://registry.npmjs.org/opencode-linux-x64-baseline-musl/-/opencode-linux-x64-baseline-musl-1.14.18.tgz",
      "integrity": "sha512-26XdppB5+0e/7NleDZjpId2CeYDE7SvbAFZygE6G26P2hNz+L4b4kj4xPLZozkqJ+EMQ29g22vvleLp59J3kWg==",
      "cpu": [
        "x64"
      ],
      "optional": true,
      "os": [
        "linux"
      ]
    },
    "node_modules/opencode-linux-x64-musl": {
      "version": "1.14.18",
      "resolved": "https://registry.npmjs.org/opencode-linux-x64-musl/-/opencode-linux-x64-musl-1.14.18.tgz",
      "integrity": "sha512-gYEN+3tzyzfSqaJrSFoRiUQbDJeQNVYoLf4p+ullhwswxFhHz03YntTjjroT5gnaQhDncDVPB4k9cKBDjePG3A==",
      "cpu": [
        "x64"
      ],
      "optional": true,
      "os": [
        "linux"
      ]
    },
    "node_modules/opencode-windows-arm64": {
      "version": "1.14.18",
      "resolved": "https://registry.npmjs.org/opencode-windows-arm64/-/opencode-windows-arm64-1.14.18.tgz",
      "integrity": "sha512-Po6IKxVoVifW9utlb3O5gilLbDtXBROfiPD78CsznW2Sa4VCx7EmUy/E4YuNJ78HOX50L5flBgLqiOwLZWoRdA==",
      "cpu": [
        "arm64"
      ],
      "optional": true,
      "os": [
        "win32"
      ]
    },
    "node_modules/opencode-windows-x64": {
      "version": "1.14.18",
      "resolved": "https://registry.npmjs.org/opencode-windows-x64/-/opencode-windows-x64-1.14.18.tgz",
      "integrity": "sha512-5eyk0LmJe/xptWTPbAb4qvIVkOPKxxRiLn8QbeFvAUZrVbncW4DDIMQaEBsWEjYTh3A4jVcQdh45aFaeCAaz9Q==",
      "cpu": [
        "x64"
      ],
      "optional": true,
      "os": [
        "win32"
      ]
    },
    "node_modules/opencode-windows-x64-baseline": {
      "version": "1.14.18",
      "resolved": "https://registry.npmjs.org/opencode-windows-x64-baseline/-/opencode-windows-x64-baseline-1.14.18.tgz",
      "integrity": "sha512-jCMNFEROnxU6IfrUog5j+oFwXtnM+Jp/CLmwMLau92dpmdqzP8w7wV2+CKWljE8+YSf4DwPhbWQUy0DyFSMFNA==",
      "cpu": [
        "x64"
      ],
      "optional": true,
      "os": [
        "win32"
      ]
    },
    "node_modules/zod": {
      "version": "4.1.8",
      "license": "MIT",
      "funding": {
        "url": "https://github.com/sponsors/colinhacks"
      }
    }
  }
}
